# This file is automatically @generated by Poetry 1.5.1 and should not be changed by hand.

[[package]]
name = "arcade"
version = "2.6.3"
description = "Arcade Game Development Library"
optional = false
python-versions = ">=3.6"
files = [
    {file = "arcade-2.6.3-py3-none-any.whl", hash = "sha256:2beac7c71943ac62e6e6a108d4da10638f617a08af3321dcbe3fe6cccf33fb11"},
]

[package.dependencies]
pillow = ">=8.3,<9.0"
pyglet = "2.0.dev9"
pymunk = ">=6.2.0,<6.3.0"
pytiled-parser = "1.5.3"
shapely = "1.7.1"

[package.extras]
dev = ["coverage", "coveralls", "dirsync", "flake8", "mypy", "numpy", "pytest", "pytest-cov", "pytest-mock", "sphinx", "sphinx-copybutton", "sphinx-rtd-theme", "sphinx-sitemap", "wheel"]

[[package]]
name = "attrs"
version = "21.2.0"
description = "Classes Without Boilerplate"
optional = false
python-versions = ">=2.7, !=3.0.*, !=3.1.*, !=3.2.*, !=3.3.*, !=3.4.*"
files = [
    {file = "attrs-21.2.0-py2.py3-none-any.whl", hash = "sha256:149e90d6d8ac20db7a955ad60cf0e6881a3f20d37096140088356da6c716b0b1"},
    {file = "attrs-21.2.0.tar.gz", hash = "sha256:ef6aaac3ca6cd92904cdd0d83f629a15f18053ec84e6432106f7a4d04ae4f5fb"},
]

[package.extras]
dev = ["coverage[toml] (>=5.0.2)", "furo", "hypothesis", "mypy", "pre-commit", "pympler", "pytest (>=4.3.0)", "pytest-mypy-plugins", "six", "sphinx", "sphinx-notfound-page", "zope.interface"]
docs = ["furo", "sphinx", "sphinx-notfound-page", "zope.interface"]
tests = ["coverage[toml] (>=5.0.2)", "hypothesis", "mypy", "pympler", "pytest (>=4.3.0)", "pytest-mypy-plugins", "six", "zope.interface"]
tests-no-zope = ["coverage[toml] (>=5.0.2)", "hypothesis", "mypy", "pympler", "pytest (>=4.3.0)", "pytest-mypy-plugins", "six"]

[[package]]
name = "botsley"
version = "0.1.dev9"
description = "Asynchronous Behavior System"
optional = false
python-versions = ">=3.7.5"
files = []
develop = true

[package.dependencies]
click = "7.1.1"
loguru = "0.4.1"
PyYAML = "5.3.1"
rx = "3.1.0"
sly = "0.4"

[package.source]
type = "directory"
url = "botsley"

[[package]]
name = "cffi"
version = "1.15.0"
description = "Foreign Function Interface for Python calling C code."
optional = false
python-versions = "*"
files = [
    {file = "cffi-1.15.0-cp27-cp27m-macosx_10_9_x86_64.whl", hash = "sha256:c2502a1a03b6312837279c8c1bd3ebedf6c12c4228ddbad40912d671ccc8a962"},
    {file = "cffi-1.15.0-cp27-cp27m-manylinux1_i686.whl", hash = "sha256:23cfe892bd5dd8941608f93348c0737e369e51c100d03718f108bf1add7bd6d0"},
    {file = "cffi-1.15.0-cp27-cp27m-manylinux1_x86_64.whl", hash = "sha256:41d45de54cd277a7878919867c0f08b0cf817605e4eb94093e7516505d3c8d14"},
    {file = "cffi-1.15.0-cp27-cp27m-win32.whl", hash = "sha256:4a306fa632e8f0928956a41fa8e1d6243c71e7eb59ffbd165fc0b41e316b2474"},
    {file = "cffi-1.15.0-cp27-cp27m-win_amd64.whl", hash = "sha256:e7022a66d9b55e93e1a845d8c9eba2a1bebd4966cd8bfc25d9cd07d515b33fa6"},
    {file = "cffi-1.15.0-cp27-cp27mu-manylinux1_i686.whl", hash = "sha256:14cd121ea63ecdae71efa69c15c5543a4b5fbcd0bbe2aad864baca0063cecf27"},
    {file = "cffi-1.15.0-cp27-cp27mu-manylinux1_x86_64.whl", hash = "sha256:d4d692a89c5cf08a8557fdeb329b82e7bf609aadfaed6c0d79f5a449a3c7c023"},
    {file = "cffi-1.15.0-cp310-cp310-macosx_10_9_x86_64.whl", hash = "sha256:0104fb5ae2391d46a4cb082abdd5c69ea4eab79d8d44eaaf79f1b1fd806ee4c2"},
    {file = "cffi-1.15.0-cp310-cp310-macosx_11_0_arm64.whl", hash = "sha256:91ec59c33514b7c7559a6acda53bbfe1b283949c34fe7440bcf917f96ac0723e"},
    {file = "cffi-1.15.0-cp310-cp310-manylinux_2_12_i686.manylinux2010_i686.whl", hash = "sha256:f5c7150ad32ba43a07c4479f40241756145a1f03b43480e058cfd862bf5041c7"},
    {file = "cffi-1.15.0-cp310-cp310-manylinux_2_12_x86_64.manylinux2010_x86_64.whl", hash = "sha256:00c878c90cb53ccfaae6b8bc18ad05d2036553e6d9d1d9dbcf323bbe83854ca3"},
    {file = "cffi-1.15.0-cp310-cp310-manylinux_2_17_aarch64.manylinux2014_aarch64.whl", hash = "sha256:abb9a20a72ac4e0fdb50dae135ba5e77880518e742077ced47eb1499e29a443c"},
    {file = "cffi-1.15.0-cp310-cp310-manylinux_2_17_ppc64le.manylinux2014_ppc64le.whl", hash = "sha256:a5263e363c27b653a90078143adb3d076c1a748ec9ecc78ea2fb916f9b861962"},
    {file = "cffi-1.15.0-cp310-cp310-manylinux_2_17_s390x.manylinux2014_s390x.whl", hash = "sha256:f54a64f8b0c8ff0b64d18aa76675262e1700f3995182267998c31ae974fbc382"},
    {file = "cffi-1.15.0-cp310-cp310-win32.whl", hash = "sha256:c21c9e3896c23007803a875460fb786118f0cdd4434359577ea25eb556e34c55"},
    {file = "cffi-1.15.0-cp310-cp310-win_amd64.whl", hash = "sha256:5e069f72d497312b24fcc02073d70cb989045d1c91cbd53979366077959933e0"},
    {file = "cffi-1.15.0-cp36-cp36m-macosx_10_9_x86_64.whl", hash = "sha256:64d4ec9f448dfe041705426000cc13e34e6e5bb13736e9fd62e34a0b0c41566e"},
    {file = "cffi-1.15.0-cp36-cp36m-manylinux_2_17_aarch64.manylinux2014_aarch64.whl", hash = "sha256:2756c88cbb94231c7a147402476be2c4df2f6078099a6f4a480d239a8817ae39"},
    {file = "cffi-1.15.0-cp36-cp36m-manylinux_2_17_ppc64le.manylinux2014_ppc64le.whl", hash = "sha256:3b96a311ac60a3f6be21d2572e46ce67f09abcf4d09344c49274eb9e0bf345fc"},
    {file = "cffi-1.15.0-cp36-cp36m-manylinux_2_17_s390x.manylinux2014_s390x.whl", hash = "sha256:75e4024375654472cc27e91cbe9eaa08567f7fbdf822638be2814ce059f58032"},
    {file = "cffi-1.15.0-cp36-cp36m-manylinux_2_5_i686.manylinux1_i686.whl", hash = "sha256:59888172256cac5629e60e72e86598027aca6bf01fa2465bdb676d37636573e8"},
    {file = "cffi-1.15.0-cp36-cp36m-manylinux_2_5_x86_64.manylinux1_x86_64.whl", hash = "sha256:27c219baf94952ae9d50ec19651a687b826792055353d07648a5695413e0c605"},
    {file = "cffi-1.15.0-cp36-cp36m-win32.whl", hash = "sha256:4958391dbd6249d7ad855b9ca88fae690783a6be9e86df65865058ed81fc860e"},
    {file = "cffi-1.15.0-cp36-cp36m-win_amd64.whl", hash = "sha256:f6f824dc3bce0edab5f427efcfb1d63ee75b6fcb7282900ccaf925be84efb0fc"},
    {file = "cffi-1.15.0-cp37-cp37m-macosx_10_9_x86_64.whl", hash = "sha256:06c48159c1abed75c2e721b1715c379fa3200c7784271b3c46df01383b593636"},
    {file = "cffi-1.15.0-cp37-cp37m-manylinux_2_12_i686.manylinux2010_i686.whl", hash = "sha256:c2051981a968d7de9dd2d7b87bcb9c939c74a34626a6e2f8181455dd49ed69e4"},
    {file = "cffi-1.15.0-cp37-cp37m-manylinux_2_12_x86_64.manylinux2010_x86_64.whl", hash = "sha256:fd8a250edc26254fe5b33be00402e6d287f562b6a5b2152dec302fa15bb3e997"},
    {file = "cffi-1.15.0-cp37-cp37m-manylinux_2_17_aarch64.manylinux2014_aarch64.whl", hash = "sha256:91d77d2a782be4274da750752bb1650a97bfd8f291022b379bb8e01c66b4e96b"},
    {file = "cffi-1.15.0-cp37-cp37m-manylinux_2_17_ppc64le.manylinux2014_ppc64le.whl", hash = "sha256:45db3a33139e9c8f7c09234b5784a5e33d31fd6907800b316decad50af323ff2"},
    {file = "cffi-1.15.0-cp37-cp37m-manylinux_2_17_s390x.manylinux2014_s390x.whl", hash = "sha256:263cc3d821c4ab2213cbe8cd8b355a7f72a8324577dc865ef98487c1aeee2bc7"},
    {file = "cffi-1.15.0-cp37-cp37m-win32.whl", hash = "sha256:17771976e82e9f94976180f76468546834d22a7cc404b17c22df2a2c81db0c66"},
    {file = "cffi-1.15.0-cp37-cp37m-win_amd64.whl", hash = "sha256:3415c89f9204ee60cd09b235810be700e993e343a408693e80ce7f6a40108029"},
    {file = "cffi-1.15.0-cp38-cp38-macosx_10_9_x86_64.whl", hash = "sha256:4238e6dab5d6a8ba812de994bbb0a79bddbdf80994e4ce802b6f6f3142fcc880"},
    {file = "cffi-1.15.0-cp38-cp38-manylinux_2_12_i686.manylinux2010_i686.whl", hash = "sha256:0808014eb713677ec1292301ea4c81ad277b6cdf2fdd90fd540af98c0b101d20"},
    {file = "cffi-1.15.0-cp38-cp38-manylinux_2_12_x86_64.manylinux2010_x86_64.whl", hash = "sha256:57e9ac9ccc3101fac9d6014fba037473e4358ef4e89f8e181f8951a2c0162024"},
    {file = "cffi-1.15.0-cp38-cp38-manylinux_2_17_aarch64.manylinux2014_aarch64.whl", hash = "sha256:8b6c2ea03845c9f501ed1313e78de148cd3f6cad741a75d43a29b43da27f2e1e"},
    {file = "cffi-1.15.0-cp38-cp38-manylinux_2_17_ppc64le.manylinux2014_ppc64le.whl", hash = "sha256:10dffb601ccfb65262a27233ac273d552ddc4d8ae1bf93b21c94b8511bffe728"},
    {file = "cffi-1.15.0-cp38-cp38-manylinux_2_17_s390x.manylinux2014_s390x.whl", hash = "sha256:786902fb9ba7433aae840e0ed609f45c7bcd4e225ebb9c753aa39725bb3e6ad6"},
    {file = "cffi-1.15.0-cp38-cp38-win32.whl", hash = "sha256:da5db4e883f1ce37f55c667e5c0de439df76ac4cb55964655906306918e7363c"},
    {file = "cffi-1.15.0-cp38-cp38-win_amd64.whl", hash = "sha256:181dee03b1170ff1969489acf1c26533710231c58f95534e3edac87fff06c443"},
    {file = "cffi-1.15.0-cp39-cp39-macosx_10_9_x86_64.whl", hash = "sha256:45e8636704eacc432a206ac7345a5d3d2c62d95a507ec70d62f23cd91770482a"},
    {file = "cffi-1.15.0-cp39-cp39-macosx_11_0_arm64.whl", hash = "sha256:31fb708d9d7c3f49a60f04cf5b119aeefe5644daba1cd2a0fe389b674fd1de37"},
    {file = "cffi-1.15.0-cp39-cp39-manylinux_2_12_i686.manylinux2010_i686.whl", hash = "sha256:6dc2737a3674b3e344847c8686cf29e500584ccad76204efea14f451d4cc669a"},
    {file = "cffi-1.15.0-cp39-cp39-manylinux_2_12_x86_64.manylinux2010_x86_64.whl", hash = "sha256:74fdfdbfdc48d3f47148976f49fab3251e550a8720bebc99bf1483f5bfb5db3e"},
    {file = "cffi-1.15.0-cp39-cp39-manylinux_2_17_aarch64.manylinux2014_aarch64.whl", hash = "sha256:ffaa5c925128e29efbde7301d8ecaf35c8c60ffbcd6a1ffd3a552177c8e5e796"},
    {file = "cffi-1.15.0-cp39-cp39-manylinux_2_17_ppc64le.manylinux2014_ppc64le.whl", hash = "sha256:3f7d084648d77af029acb79a0ff49a0ad7e9d09057a9bf46596dac9514dc07df"},
    {file = "cffi-1.15.0-cp39-cp39-manylinux_2_17_s390x.manylinux2014_s390x.whl", hash = "sha256:ef1f279350da2c586a69d32fc8733092fd32cc8ac95139a00377841f59a3f8d8"},
    {file = "cffi-1.15.0-cp39-cp39-win32.whl", hash = "sha256:2a23af14f408d53d5e6cd4e3d9a24ff9e05906ad574822a10563efcef137979a"},
    {file = "cffi-1.15.0-cp39-cp39-win_amd64.whl", hash = "sha256:3773c4d81e6e818df2efbc7dd77325ca0dcb688116050fb2b3011218eda36139"},
    {file = "cffi-1.15.0.tar.gz", hash = "sha256:920f0d66a896c2d99f0adbb391f990a84091179542c205fa53ce5787aff87954"},
]

[package.dependencies]
pycparser = "*"

[[package]]
name = "click"
version = "7.1.1"
description = "Composable command line interface toolkit"
optional = false
python-versions = ">=2.7, !=3.0.*, !=3.1.*, !=3.2.*, !=3.3.*, !=3.4.*"
files = [
    {file = "click-7.1.1-py2.py3-none-any.whl", hash = "sha256:e345d143d80bf5ee7534056164e5e112ea5e22716bbb1ce727941f4c8b471b9a"},
    {file = "click-7.1.1.tar.gz", hash = "sha256:8a18b4ea89d8820c5d0c7da8a64b2c324b4dabb695804dbfea19b9be9d88c0cc"},
]

[[package]]
name = "colorama"
version = "0.4.4"
description = "Cross-platform colored terminal text."
optional = false
python-versions = ">=2.7, !=3.0.*, !=3.1.*, !=3.2.*, !=3.3.*, !=3.4.*"
files = [
    {file = "colorama-0.4.4-py2.py3-none-any.whl", hash = "sha256:9f47eda37229f68eee03b24b9748937c7dc3868f906e8ba69fbcbdd3bc5dc3e2"},
    {file = "colorama-0.4.4.tar.gz", hash = "sha256:5941b2b48a20143d2267e95b1c2a7603ce057ee39fd88e7329b0c292aa16869b"},
]

[[package]]
name = "loguru"
version = "0.4.1"
description = "Python logging made (stupidly) simple"
optional = false
python-versions = ">=3.5"
files = [
    {file = "loguru-0.4.1-py3-none-any.whl", hash = "sha256:074b3caa6748452c1e4f2b302093c94b65d5a4c5a4d7743636b4121e06437b0e"},
    {file = "loguru-0.4.1.tar.gz", hash = "sha256:a6101fd435ac89ba5205a105a26a6ede9e4ddbb4408a6e167852efca47806d11"},
]

[package.dependencies]
colorama = {version = ">=0.3.4", markers = "sys_platform == \"win32\""}
win32-setctime = {version = ">=1.0.0", markers = "sys_platform == \"win32\""}

[package.extras]
dev = ["Sphinx (>=2.2.1)", "black (>=19.3b0)", "codecov (>=2.0.15)", "colorama (>=0.3.4)", "flake8 (>=3.7.7)", "isort (>=4.3.20)", "pytest (>=4.6.2)", "pytest-cov (>=2.7.1)", "sphinx-autobuild (>=0.7.1)", "sphinx-rtd-theme (>=0.4.3)", "tox (>=3.9.0)", "tox-travis (>=0.12)"]

[[package]]
name = "numpy"
version = "1.22.0"
description = "NumPy is the fundamental package for array computing with Python."
optional = false
python-versions = ">=3.8"
files = [
    {file = "numpy-1.22.0-cp310-cp310-macosx_10_9_universal2.whl", hash = "sha256:3d22662b4b10112c545c91a0741f2436f8ca979ab3d69d03d19322aa970f9695"},
    {file = "numpy-1.22.0-cp310-cp310-macosx_10_9_x86_64.whl", hash = "sha256:11a1f3816ea82eed4178102c56281782690ab5993251fdfd75039aad4d20385f"},
    {file = "numpy-1.22.0-cp310-cp310-macosx_11_0_arm64.whl", hash = "sha256:5dc65644f75a4c2970f21394ad8bea1a844104f0fe01f278631be1c7eae27226"},
    {file = "numpy-1.22.0-cp310-cp310-manylinux_2_17_aarch64.manylinux2014_aarch64.whl", hash = "sha256:42c16cec1c8cf2728f1d539bd55aaa9d6bb48a7de2f41eb944697293ef65a559"},
    {file = "numpy-1.22.0-cp310-cp310-manylinux_2_17_x86_64.manylinux2014_x86_64.whl", hash = "sha256:a97e82c39d9856fe7d4f9b86d8a1e66eff99cf3a8b7ba48202f659703d27c46f"},
    {file = "numpy-1.22.0-cp310-cp310-win_amd64.whl", hash = "sha256:e41e8951749c4b5c9a2dc5fdbc1a4eec6ab2a140fdae9b460b0f557eed870f4d"},
    {file = "numpy-1.22.0-cp38-cp38-macosx_10_9_universal2.whl", hash = "sha256:bece0a4a49e60e472a6d1f70ac6cdea00f9ab80ff01132f96bd970cdd8a9e5a9"},
    {file = "numpy-1.22.0-cp38-cp38-macosx_10_9_x86_64.whl", hash = "sha256:818b9be7900e8dc23e013a92779135623476f44a0de58b40c32a15368c01d471"},
    {file = "numpy-1.22.0-cp38-cp38-macosx_11_0_arm64.whl", hash = "sha256:47ee7a839f5885bc0c63a74aabb91f6f40d7d7b639253768c4199b37aede7982"},
    {file = "numpy-1.22.0-cp38-cp38-manylinux_2_17_aarch64.manylinux2014_aarch64.whl", hash = "sha256:a024181d7aef0004d76fb3bce2a4c9f2e67a609a9e2a6ff2571d30e9976aa383"},
    {file = "numpy-1.22.0-cp38-cp38-manylinux_2_17_x86_64.manylinux2014_x86_64.whl", hash = "sha256:f71d57cc8645f14816ae249407d309be250ad8de93ef61d9709b45a0ddf4050c"},
    {file = "numpy-1.22.0-cp38-cp38-win32.whl", hash = "sha256:283d9de87c0133ef98f93dfc09fad3fb382f2a15580de75c02b5bb36a5a159a5"},
    {file = "numpy-1.22.0-cp38-cp38-win_amd64.whl", hash = "sha256:2762331de395739c91f1abb88041f94a080cb1143aeec791b3b223976228af3f"},
    {file = "numpy-1.22.0-cp39-cp39-macosx_10_9_universal2.whl", hash = "sha256:76ba7c40e80f9dc815c5e896330700fd6e20814e69da9c1267d65a4d051080f1"},
    {file = "numpy-1.22.0-cp39-cp39-macosx_10_9_x86_64.whl", hash = "sha256:0cfe07133fd00b27edee5e6385e333e9eeb010607e8a46e1cd673f05f8596595"},
    {file = "numpy-1.22.0-cp39-cp39-macosx_11_0_arm64.whl", hash = "sha256:6ed0d073a9c54ac40c41a9c2d53fcc3d4d4ed607670b9e7b0de1ba13b4cbfe6f"},
    {file = "numpy-1.22.0-cp39-cp39-manylinux_2_17_aarch64.manylinux2014_aarch64.whl", hash = "sha256:41388e32e40b41dd56eb37fcaa7488b2b47b0adf77c66154d6b89622c110dfe9"},
    {file = "numpy-1.22.0-cp39-cp39-manylinux_2_17_x86_64.manylinux2014_x86_64.whl", hash = "sha256:b55b953a1bdb465f4dc181758570d321db4ac23005f90ffd2b434cc6609a63dd"},
    {file = "numpy-1.22.0-cp39-cp39-win32.whl", hash = "sha256:5a311ee4d983c487a0ab546708edbdd759393a3dc9cd30305170149fedd23c88"},
    {file = "numpy-1.22.0-cp39-cp39-win_amd64.whl", hash = "sha256:a97a954a8c2f046d3817c2bce16e3c7e9a9c2afffaf0400f5c16df5172a67c9c"},
    {file = "numpy-1.22.0-pp38-pypy38_pp73-manylinux_2_17_x86_64.manylinux2014_x86_64.whl", hash = "sha256:bb02929b0d6bfab4c48a79bd805bd7419114606947ec8284476167415171f55b"},
    {file = "numpy-1.22.0.zip", hash = "sha256:a955e4128ac36797aaffd49ab44ec74a71c11d6938df83b1285492d277db5397"},
]

[[package]]
name = "pillow"
version = "8.4.0"
description = "Python Imaging Library (Fork)"
optional = false
python-versions = ">=3.6"
files = [
    {file = "Pillow-8.4.0-cp310-cp310-macosx_10_10_universal2.whl", hash = "sha256:81f8d5c81e483a9442d72d182e1fb6dcb9723f289a57e8030811bac9ea3fef8d"},
    {file = "Pillow-8.4.0-cp310-cp310-macosx_11_0_arm64.whl", hash = "sha256:3f97cfb1e5a392d75dd8b9fd274d205404729923840ca94ca45a0af57e13dbe6"},
    {file = "Pillow-8.4.0-cp310-cp310-manylinux_2_17_aarch64.manylinux2014_aarch64.whl", hash = "sha256:eb9fc393f3c61f9054e1ed26e6fe912c7321af2f41ff49d3f83d05bacf22cc78"},
    {file = "Pillow-8.4.0-cp310-cp310-manylinux_2_17_i686.manylinux2014_i686.whl", hash = "sha256:d82cdb63100ef5eedb8391732375e6d05993b765f72cb34311fab92103314649"},
    {file = "Pillow-8.4.0-cp310-cp310-manylinux_2_17_x86_64.manylinux2014_x86_64.whl", hash = "sha256:62cc1afda735a8d109007164714e73771b499768b9bb5afcbbee9d0ff374b43f"},
    {file = "Pillow-8.4.0-cp310-cp310-win32.whl", hash = "sha256:e3dacecfbeec9a33e932f00c6cd7996e62f53ad46fbe677577394aaa90ee419a"},
    {file = "Pillow-8.4.0-cp310-cp310-win_amd64.whl", hash = "sha256:620582db2a85b2df5f8a82ddeb52116560d7e5e6b055095f04ad828d1b0baa39"},
    {file = "Pillow-8.4.0-cp36-cp36m-macosx_10_10_x86_64.whl", hash = "sha256:1bc723b434fbc4ab50bb68e11e93ce5fb69866ad621e3c2c9bdb0cd70e345f55"},
    {file = "Pillow-8.4.0-cp36-cp36m-manylinux_2_17_aarch64.manylinux2014_aarch64.whl", hash = "sha256:72cbcfd54df6caf85cc35264c77ede902452d6df41166010262374155947460c"},
    {file = "Pillow-8.4.0-cp36-cp36m-manylinux_2_17_i686.manylinux2014_i686.whl", hash = "sha256:70ad9e5c6cb9b8487280a02c0ad8a51581dcbbe8484ce058477692a27c151c0a"},
    {file = "Pillow-8.4.0-cp36-cp36m-manylinux_2_17_x86_64.manylinux2014_x86_64.whl", hash = "sha256:25a49dc2e2f74e65efaa32b153527fc5ac98508d502fa46e74fa4fd678ed6645"},
    {file = "Pillow-8.4.0-cp36-cp36m-win32.whl", hash = "sha256:93ce9e955cc95959df98505e4608ad98281fff037350d8c2671c9aa86bcf10a9"},
    {file = "Pillow-8.4.0-cp36-cp36m-win_amd64.whl", hash = "sha256:2e4440b8f00f504ee4b53fe30f4e381aae30b0568193be305256b1462216feff"},
    {file = "Pillow-8.4.0-cp37-cp37m-macosx_10_10_x86_64.whl", hash = "sha256:8c803ac3c28bbc53763e6825746f05cc407b20e4a69d0122e526a582e3b5e153"},
    {file = "Pillow-8.4.0-cp37-cp37m-manylinux_2_17_aarch64.manylinux2014_aarch64.whl", hash = "sha256:c8a17b5d948f4ceeceb66384727dde11b240736fddeda54ca740b9b8b1556b29"},
    {file = "Pillow-8.4.0-cp37-cp37m-manylinux_2_17_i686.manylinux2014_i686.whl", hash = "sha256:1394a6ad5abc838c5cd8a92c5a07535648cdf6d09e8e2d6df916dfa9ea86ead8"},
    {file = "Pillow-8.4.0-cp37-cp37m-manylinux_2_17_x86_64.manylinux2014_x86_64.whl", hash = "sha256:792e5c12376594bfcb986ebf3855aa4b7c225754e9a9521298e460e92fb4a488"},
    {file = "Pillow-8.4.0-cp37-cp37m-win32.whl", hash = "sha256:d99ec152570e4196772e7a8e4ba5320d2d27bf22fdf11743dd882936ed64305b"},
    {file = "Pillow-8.4.0-cp37-cp37m-win_amd64.whl", hash = "sha256:7b7017b61bbcdd7f6363aeceb881e23c46583739cb69a3ab39cb384f6ec82e5b"},
    {file = "Pillow-8.4.0-cp38-cp38-macosx_10_10_x86_64.whl", hash = "sha256:d89363f02658e253dbd171f7c3716a5d340a24ee82d38aab9183f7fdf0cdca49"},
    {file = "Pillow-8.4.0-cp38-cp38-macosx_11_0_arm64.whl", hash = "sha256:0a0956fdc5defc34462bb1c765ee88d933239f9a94bc37d132004775241a7585"},
    {file = "Pillow-8.4.0-cp38-cp38-manylinux_2_17_aarch64.manylinux2014_aarch64.whl", hash = "sha256:5b7bb9de00197fb4261825c15551adf7605cf14a80badf1761d61e59da347779"},
    {file = "Pillow-8.4.0-cp38-cp38-manylinux_2_17_i686.manylinux2014_i686.whl", hash = "sha256:72b9e656e340447f827885b8d7a15fc8c4e68d410dc2297ef6787eec0f0ea409"},
    {file = "Pillow-8.4.0-cp38-cp38-manylinux_2_17_x86_64.manylinux2014_x86_64.whl", hash = "sha256:a5a4532a12314149d8b4e4ad8ff09dde7427731fcfa5917ff16d0291f13609df"},
    {file = "Pillow-8.4.0-cp38-cp38-win32.whl", hash = "sha256:82aafa8d5eb68c8463b6e9baeb4f19043bb31fefc03eb7b216b51e6a9981ae09"},
    {file = "Pillow-8.4.0-cp38-cp38-win_amd64.whl", hash = "sha256:066f3999cb3b070a95c3652712cffa1a748cd02d60ad7b4e485c3748a04d9d76"},
    {file = "Pillow-8.4.0-cp39-cp39-macosx_10_10_x86_64.whl", hash = "sha256:5503c86916d27c2e101b7f71c2ae2cddba01a2cf55b8395b0255fd33fa4d1f1a"},
    {file = "Pillow-8.4.0-cp39-cp39-macosx_11_0_arm64.whl", hash = "sha256:4acc0985ddf39d1bc969a9220b51d94ed51695d455c228d8ac29fcdb25810e6e"},
    {file = "Pillow-8.4.0-cp39-cp39-manylinux_2_17_aarch64.manylinux2014_aarch64.whl", hash = "sha256:0b052a619a8bfcf26bd8b3f48f45283f9e977890263e4571f2393ed8898d331b"},
    {file = "Pillow-8.4.0-cp39-cp39-manylinux_2_17_i686.manylinux2014_i686.whl", hash = "sha256:493cb4e415f44cd601fcec11c99836f707bb714ab03f5ed46ac25713baf0ff20"},
    {file = "Pillow-8.4.0-cp39-cp39-manylinux_2_17_x86_64.manylinux2014_x86_64.whl", hash = "sha256:b8831cb7332eda5dc89b21a7bce7ef6ad305548820595033a4b03cf3091235ed"},
    {file = "Pillow-8.4.0-cp39-cp39-win32.whl", hash = "sha256:5e9ac5f66616b87d4da618a20ab0a38324dbe88d8a39b55be8964eb520021e02"},
    {file = "Pillow-8.4.0-cp39-cp39-win_amd64.whl", hash = "sha256:3eb1ce5f65908556c2d8685a8f0a6e989d887ec4057326f6c22b24e8a172c66b"},
    {file = "Pillow-8.4.0-pp36-pypy36_pp73-macosx_10_10_x86_64.whl", hash = "sha256:ddc4d832a0f0b4c52fff973a0d44b6c99839a9d016fe4e6a1cb8f3eea96479c2"},
    {file = "Pillow-8.4.0-pp36-pypy36_pp73-manylinux_2_17_i686.manylinux2014_i686.whl", hash = "sha256:9a3e5ddc44c14042f0844b8cf7d2cd455f6cc80fd7f5eefbe657292cf601d9ad"},
    {file = "Pillow-8.4.0-pp36-pypy36_pp73-manylinux_2_17_x86_64.manylinux2014_x86_64.whl", hash = "sha256:c70e94281588ef053ae8998039610dbd71bc509e4acbc77ab59d7d2937b10698"},
    {file = "Pillow-8.4.0-pp37-pypy37_pp73-macosx_10_10_x86_64.whl", hash = "sha256:3862b7256046fcd950618ed22d1d60b842e3a40a48236a5498746f21189afbbc"},
    {file = "Pillow-8.4.0-pp37-pypy37_pp73-manylinux_2_17_i686.manylinux2014_i686.whl", hash = "sha256:a4901622493f88b1a29bd30ec1a2f683782e57c3c16a2dbc7f2595ba01f639df"},
    {file = "Pillow-8.4.0-pp37-pypy37_pp73-manylinux_2_17_x86_64.manylinux2014_x86_64.whl", hash = "sha256:84c471a734240653a0ec91dec0996696eea227eafe72a33bd06c92697728046b"},
    {file = "Pillow-8.4.0-pp37-pypy37_pp73-win_amd64.whl", hash = "sha256:244cf3b97802c34c41905d22810846802a3329ddcb93ccc432870243211c79fc"},
    {file = "Pillow-8.4.0.tar.gz", hash = "sha256:b8e2f83c56e141920c39464b852de3719dfbfb6e3c99a2d8da0edf4fb33176ed"},
]

[[package]]
name = "pycairo"
version = "1.20.1"
description = "Python interface for cairo"
optional = false
python-versions = ">=3.6, <4"
files = [
    {file = "pycairo-1.20.1-cp310-cp310-win32.whl", hash = "sha256:736ffc618e851601e861a630293e5c910ef016b83b2d035a336f83a367bf56ab"},
    {file = "pycairo-1.20.1-cp310-cp310-win_amd64.whl", hash = "sha256:261c69850d4b2ec03346c9745bad2a835bb8124e4c6961b8ceac503d744eb3b3"},
    {file = "pycairo-1.20.1-cp36-cp36m-win32.whl", hash = "sha256:6db823a18e7be1eb2a29c28961f2f01e84d3b449f06be7338d05ac8f90592cd5"},
    {file = "pycairo-1.20.1-cp36-cp36m-win_amd64.whl", hash = "sha256:5525da2d8de912750dd157752aa96f1f0a42a437c5625e85b14c936b5c6305ae"},
    {file = "pycairo-1.20.1-cp37-cp37m-win32.whl", hash = "sha256:c8c2bb933974d91c5d19e54b846d964de177e7bf33433bf34ac34c85f9b30e94"},
    {file = "pycairo-1.20.1-cp37-cp37m-win_amd64.whl", hash = "sha256:9a32e4a3574a104aa876c35d5e71485dfd6986b18d045534c6ec510c44d5d6a7"},
    {file = "pycairo-1.20.1-cp38-cp38-win32.whl", hash = "sha256:0d7a6754d410d911a46f00396bee4be96500ccd3d178e7e98aef1140e3dd67ae"},
    {file = "pycairo-1.20.1-cp38-cp38-win_amd64.whl", hash = "sha256:b605151cdd23cedb31855b8666371b6e26b80f02753a52c8b8023a916b1df812"},
    {file = "pycairo-1.20.1-cp39-cp39-win32.whl", hash = "sha256:e800486b51fffeb11ed867b4f2220d446e2a60a81a73b7c377123e0cbb72f49d"},
    {file = "pycairo-1.20.1-cp39-cp39-win_amd64.whl", hash = "sha256:f123d3818e30b77b7209d70a6dcfd5b4e34885f9fa539d92dd7ff3e4e2037213"},
    {file = "pycairo-1.20.1.tar.gz", hash = "sha256:1ee72b035b21a475e1ed648e26541b04e5d7e753d75ca79de8c583b25785531b"},
]

[[package]]
name = "pycparser"
version = "2.20"
description = "C parser in Python"
optional = false
python-versions = ">=2.7, !=3.0.*, !=3.1.*, !=3.2.*, !=3.3.*"
files = [
    {file = "pycparser-2.20-py2.py3-none-any.whl", hash = "sha256:7582ad22678f0fcd81102833f60ef8d0e57288b6b5fb00323d101be910e35705"},
    {file = "pycparser-2.20.tar.gz", hash = "sha256:2d475327684562c3a96cc71adf7dc8c4f0565175cf86b6d7a404ff4c771f15f0"},
]

[[package]]
name = "pyglet"
version = "2.0.dev9"
description = "Cross-platform windowing and multimedia library"
optional = false
python-versions = "*"
files = [
    {file = "pyglet-2.0.dev9-py3-none-any.whl", hash = "sha256:137ec289ef886a74254d1c971d712885efe60b61af356e620683832eae813506"},
    {file = "pyglet-2.0.dev9.zip", hash = "sha256:04c4f6c839b63687507f07a7659d422b3017e419818c8581cf3981b6dacd313c"},
]

[[package]]
name = "pymunk"
version = "6.2.0"
description = "Pymunk is a easy-to-use pythonic 2d physics library"
optional = false
python-versions = ">=3.6"
files = [
    {file = "pymunk-6.2.0-cp36-cp36m-macosx_10_9_x86_64.whl", hash = "sha256:aeb31794b832b080a76e0e365a72d2da4104269c3a3f13e1ca9ef9d66fb5f9b4"},
    {file = "pymunk-6.2.0-cp36-cp36m-manylinux1_i686.whl", hash = "sha256:1f08bec9e7b62fa321c6acd1cc7a52a4016943effa26fb442e8beb02fbc854a6"},
    {file = "pymunk-6.2.0-cp36-cp36m-manylinux1_x86_64.whl", hash = "sha256:f092e830e4ec919bd95aadbfdcc8737ed9eb44c0cee0ba0556738c81d207f3aa"},
    {file = "pymunk-6.2.0-cp36-cp36m-manylinux2010_i686.whl", hash = "sha256:1cdf4ad3a1869263daa6e51c058f736fd7ac89cbc581856dcabcf61ec152d4af"},
    {file = "pymunk-6.2.0-cp36-cp36m-manylinux2010_x86_64.whl", hash = "sha256:f89e34c6dd67c016cc912aaf92b29f33e6a8128c3173e28cbd72dfd388c89466"},
    {file = "pymunk-6.2.0-cp36-cp36m-win32.whl", hash = "sha256:e476ae9b55384e43e5e4a89ac400789c2ec7f39ba35df8c0e4eb1d5a44f35f20"},
    {file = "pymunk-6.2.0-cp36-cp36m-win_amd64.whl", hash = "sha256:bdc5ef2cf8381512f2822f188d73bbdccc310b0959f9ceec1c89570e1409b538"},
    {file = "pymunk-6.2.0-cp37-cp37m-macosx_10_9_x86_64.whl", hash = "sha256:684e9d3574c05bcc3681d8950c47549aed89820cf1a908526c38b6d989e8f451"},
    {file = "pymunk-6.2.0-cp37-cp37m-manylinux1_i686.whl", hash = "sha256:baf9eab2b1483f50cdabf9fc1dddfe5565c22c72be6f29eedd0eb34906e5884a"},
    {file = "pymunk-6.2.0-cp37-cp37m-manylinux1_x86_64.whl", hash = "sha256:a27d2c9958250232582faefc61aefacfe5983667bd336ca654cd908e1703aa0c"},
    {file = "pymunk-6.2.0-cp37-cp37m-manylinux2010_i686.whl", hash = "sha256:b52c55aba6be06916344440ad45dd1898ab596710e3a560c627c2e43505e3694"},
    {file = "pymunk-6.2.0-cp37-cp37m-manylinux2010_x86_64.whl", hash = "sha256:b7eaf2dc4b1a772a752d25c699832fdff851c182bfa79877f55056f4028a8daa"},
    {file = "pymunk-6.2.0-cp37-cp37m-win32.whl", hash = "sha256:87cb72ee070ff409d70dafedf261e9b1ba38f449f7b1f7f8306d9fb20e4ba390"},
    {file = "pymunk-6.2.0-cp37-cp37m-win_amd64.whl", hash = "sha256:fa1dd7744af0650bcec32ac56540a3e132bac9fe2fda53f126387bedbce229f3"},
    {file = "pymunk-6.2.0-cp38-cp38-macosx_10_9_x86_64.whl", hash = "sha256:bcc6c9b43b81127f95bc8675e6efeef87f30944f0040beec38d3ec113cf860bb"},
    {file = "pymunk-6.2.0-cp38-cp38-manylinux1_i686.whl", hash = "sha256:7fe1d4833fe58afd868f774a3e0872a075dff70b735927ade7ea6c5770f9d6da"},
    {file = "pymunk-6.2.0-cp38-cp38-manylinux1_x86_64.whl", hash = "sha256:c09ce55a82a1ee240f156bf4c094236513c247cc0412b75eff87eda89b6606eb"},
    {file = "pymunk-6.2.0-cp38-cp38-manylinux2010_i686.whl", hash = "sha256:b93612fc8a2a35495b65ebc3de282d31ebc738e26da431db0e7b49ed466c052c"},
    {file = "pymunk-6.2.0-cp38-cp38-manylinux2010_x86_64.whl", hash = "sha256:72400d072f22faecf723da4f7926eab34140c4c66b24e0905779e67ae0809583"},
    {file = "pymunk-6.2.0-cp38-cp38-win32.whl", hash = "sha256:e82872ca5b64ea6c143d1dc442c0bce8f4e4cb597d7fb7886174e4e97a9bf7c7"},
    {file = "pymunk-6.2.0-cp38-cp38-win_amd64.whl", hash = "sha256:17b4d2b162a3040855983032344506943255ddee46a81676df92a30c7fb10f92"},
    {file = "pymunk-6.2.0-cp39-cp39-macosx_10_9_x86_64.whl", hash = "sha256:be2c310370c9e0d1b140b19e6e12b9aa977641bdbe607689319cd8b6709dd9d6"},
    {file = "pymunk-6.2.0-cp39-cp39-manylinux1_i686.whl", hash = "sha256:77c6745ffdee648759b6d88d9485150a0e961e25e4b5683473f90732a07f0fad"},
    {file = "pymunk-6.2.0-cp39-cp39-manylinux1_x86_64.whl", hash = "sha256:495258984254f7a0e1bd37fb8ae83f7b4fa30e028f14767625768835025a020c"},
    {file = "pymunk-6.2.0-cp39-cp39-manylinux2010_i686.whl", hash = "sha256:5d1c80e7d49da6a2ee3ce7c4cd84afb54a64c6a8d64eadd53b111dd1d4af1e54"},
    {file = "pymunk-6.2.0-cp39-cp39-manylinux2010_x86_64.whl", hash = "sha256:b8ef621c805d4e5120f94e9f35ef43073709b032760c55ec46da14fa97710a09"},
    {file = "pymunk-6.2.0-cp39-cp39-win32.whl", hash = "sha256:6f6ca538b91828ac6b30ec19981a160a792d4ffa0f60d6b16fc0519051d90258"},
    {file = "pymunk-6.2.0-cp39-cp39-win_amd64.whl", hash = "sha256:e3e2857966fd286e2e1049161e186fb5f8f9ad840247fcda82db37d59d52a073"},
    {file = "pymunk-6.2.0-pp36-pypy36_pp73-macosx_10_9_x86_64.whl", hash = "sha256:efd420c55a99f78d9dcf4012695c7a54eac9a6282a6432b638cb1d76da594b31"},
    {file = "pymunk-6.2.0-pp36-pypy36_pp73-manylinux1_x86_64.whl", hash = "sha256:fda40a98a55568ecb62696381330c60c4115b9613940b39e1b1d7a772a92deb5"},
    {file = "pymunk-6.2.0-pp36-pypy36_pp73-manylinux2010_x86_64.whl", hash = "sha256:e85ee65d8c271cc2d37690476d251674b57bc4808a5772991e4ed5afb72f6851"},
    {file = "pymunk-6.2.0-pp36-pypy36_pp73-win32.whl", hash = "sha256:c4e1d77474e991837b44dd8611cbf6fae946a378c07adbe3676bd97e4bda6f91"},
    {file = "pymunk-6.2.0.zip", hash = "sha256:c33d727578d4675372ab9b119db35feac98a210985564f6ba6b15d469e7472e4"},
]

[package.dependencies]
cffi = ">1.14.0"

[package.extras]
dev = ["aafigure", "matplotlib", "pygame", "pyglet", "sphinx", "wheel"]

[[package]]
name = "pytiled-parser"
version = "1.5.3"
description = "A library for parsing JSON formatted Tiled Map Editor maps and tilesets."
optional = false
python-versions = ">=3.6"
files = [
    {file = "pytiled_parser-1.5.3-py3-none-any.whl", hash = "sha256:1522a2862ca065c4352688c6478bda678edbe4d4bbdb727613f160680c31d560"},
    {file = "pytiled_parser-1.5.3.tar.gz", hash = "sha256:e4016c18f09f9bc08c1b2e6b471f46bbcdb0c4f7569e55dc13a74ea3b7e56e4e"},
]

[package.dependencies]
attrs = ">=18.2.0"
typing-extensions = "*"

[package.extras]
build = ["pep517"]
docs = ["sphinx", "sphinx-rtd-theme"]
tests = ["black", "isort (>=4.2.5,<5)", "mypy", "pylint", "pytest", "pytest-cov"]
zstd = ["zstd (==1.4.8.1)"]

[[package]]
name = "pyyaml"
version = "5.3.1"
description = "YAML parser and emitter for Python"
optional = false
python-versions = "*"
files = [
    {file = "PyYAML-5.3.1-cp27-cp27m-win32.whl", hash = "sha256:74809a57b329d6cc0fdccee6318f44b9b8649961fa73144a98735b0aaf029f1f"},
    {file = "PyYAML-5.3.1-cp27-cp27m-win_amd64.whl", hash = "sha256:240097ff019d7c70a4922b6869d8a86407758333f02203e0fc6ff79c5dcede76"},
    {file = "PyYAML-5.3.1-cp35-cp35m-win32.whl", hash = "sha256:4f4b913ca1a7319b33cfb1369e91e50354d6f07a135f3b901aca02aa95940bd2"},
    {file = "PyYAML-5.3.1-cp35-cp35m-win_amd64.whl", hash = "sha256:cc8955cfbfc7a115fa81d85284ee61147059a753344bc51098f3ccd69b0d7e0c"},
    {file = "PyYAML-5.3.1-cp36-cp36m-win32.whl", hash = "sha256:7739fc0fa8205b3ee8808aea45e968bc90082c10aef6ea95e855e10abf4a37b2"},
    {file = "PyYAML-5.3.1-cp36-cp36m-win_amd64.whl", hash = "sha256:69f00dca373f240f842b2931fb2c7e14ddbacd1397d57157a9b005a6a9942648"},
    {file = "PyYAML-5.3.1-cp37-cp37m-win32.whl", hash = "sha256:d13155f591e6fcc1ec3b30685d50bf0711574e2c0dfffd7644babf8b5102ca1a"},
    {file = "PyYAML-5.3.1-cp37-cp37m-win_amd64.whl", hash = "sha256:73f099454b799e05e5ab51423c7bcf361c58d3206fa7b0d555426b1f4d9a3eaf"},
    {file = "PyYAML-5.3.1-cp38-cp38-win32.whl", hash = "sha256:06a0d7ba600ce0b2d2fe2e78453a470b5a6e000a985dd4a4e54e436cc36b0e97"},
    {file = "PyYAML-5.3.1-cp38-cp38-win_amd64.whl", hash = "sha256:95f71d2af0ff4227885f7a6605c37fd53d3a106fcab511b8860ecca9fcf400ee"},
    {file = "PyYAML-5.3.1-cp39-cp39-win32.whl", hash = "sha256:ad9c67312c84def58f3c04504727ca879cb0013b2517c85a9a253f0cb6380c0a"},
    {file = "PyYAML-5.3.1-cp39-cp39-win_amd64.whl", hash = "sha256:6034f55dab5fea9e53f436aa68fa3ace2634918e8b5994d82f3621c04ff5ed2e"},
    {file = "PyYAML-5.3.1.tar.gz", hash = "sha256:b8eac752c5e14d3eca0e6dd9199cd627518cb5ec06add0de9d32baeee6fe645d"},
]

[[package]]
name = "rx"
version = "3.1.0"
description = "Reactive Extensions (Rx) for Python"
optional = false
python-versions = ">=3.6.0"
files = [
    {file = "Rx-3.1.0.tar.gz", hash = "sha256:aaf409848e24dd514926eb8467e2764762bfd258325717fca4628d32d8721252"},
]

[[package]]
name = "shapely"
version = "1.7.1"
description = "Geometric objects, predicates, and operations"
optional = false
python-versions = "*"
files = [
    {file = "Shapely-1.7.1-1-cp39-cp39-manylinux1_x86_64.whl", hash = "sha256:46da0ea527da9cf9503e66c18bab6981c5556859e518fe71578b47126e54ca93"},
    {file = "Shapely-1.7.1-cp27-cp27mu-manylinux1_x86_64.whl", hash = "sha256:4c10f317e379cc404f8fc510cd9982d5d3e7ba13a9cfd39aa251d894c6366798"},
    {file = "Shapely-1.7.1-cp35-cp35m-macosx_10_6_intel.whl", hash = "sha256:17df66e87d0fe0193910aeaa938c99f0b04f67b430edb8adae01e7be557b141b"},
    {file = "Shapely-1.7.1-cp35-cp35m-manylinux1_x86_64.whl", hash = "sha256:da38ed3d65b8091447dc3717e5218cc336d20303b77b0634b261bc5c1aa2bae8"},
    {file = "Shapely-1.7.1-cp35-cp35m-win32.whl", hash = "sha256:8e7659dd994792a0aad8fb80439f59055a21163e236faf2f9823beb63a380e19"},
    {file = "Shapely-1.7.1-cp35-cp35m-win_amd64.whl", hash = "sha256:791477edb422692e7dc351c5ed6530eb0e949a31b45569946619a0d9cd5f53cb"},
    {file = "Shapely-1.7.1-cp36-cp36m-macosx_10_9_x86_64.whl", hash = "sha256:e3afccf0437edc108eef1e2bb9cc4c7073e7705924eb4cd0bf7715cd1ef0ce1b"},
    {file = "Shapely-1.7.1-cp36-cp36m-manylinux1_x86_64.whl", hash = "sha256:8f15b6ce67dcc05b61f19c689b60f3fe58550ba994290ff8332f711f5aaa9840"},
    {file = "Shapely-1.7.1-cp36-cp36m-win32.whl", hash = "sha256:60e5b2282619249dbe8dc5266d781cc7d7fb1b27fa49f8241f2167672ad26719"},
    {file = "Shapely-1.7.1-cp36-cp36m-win_amd64.whl", hash = "sha256:de618e67b64a51a0768d26a9963ecd7d338a2cf6e9e7582d2385f88ad005b3d1"},
    {file = "Shapely-1.7.1-cp37-cp37m-macosx_10_9_x86_64.whl", hash = "sha256:182716ffb500d114b5d1b75d7fd9d14b7d3414cef3c38c0490534cc9ce20981a"},
    {file = "Shapely-1.7.1-cp37-cp37m-manylinux1_x86_64.whl", hash = "sha256:4f3c59f6dbf86a9fc293546de492f5e07344e045f9333f3a753f2dda903c45d1"},
    {file = "Shapely-1.7.1-cp37-cp37m-win32.whl", hash = "sha256:6871acba8fbe744efa4f9f34e726d070bfbf9bffb356a8f6d64557846324232b"},
    {file = "Shapely-1.7.1-cp37-cp37m-win_amd64.whl", hash = "sha256:35be1c5d869966569d3dfd4ec31832d7c780e9df760e1fe52131105685941891"},
    {file = "Shapely-1.7.1-cp38-cp38-macosx_10_9_x86_64.whl", hash = "sha256:052eb5b9ba756808a7825e8a8020fb146ec489dd5c919e7d139014775411e688"},
    {file = "Shapely-1.7.1-cp38-cp38-manylinux1_x86_64.whl", hash = "sha256:90a3e2ae0d6d7d50ff2370ba168fbd416a53e7d8448410758c5d6a5920646c1d"},
    {file = "Shapely-1.7.1-cp38-cp38-win32.whl", hash = "sha256:a3774516c8a83abfd1ddffb8b6ec1b0935d7fe6ea0ff5c31a18bfdae567b4eba"},
    {file = "Shapely-1.7.1-cp38-cp38-win_amd64.whl", hash = "sha256:6593026cd3f5daaea12bcc51ae5c979318070fefee210e7990cb8ac2364e79a1"},
    {file = "Shapely-1.7.1-cp39-cp39-macosx_10_9_x86_64.whl", hash = "sha256:617bf046a6861d7c6b44d2d9cb9e2311548638e684c2cd071d8945f24a926263"},
    {file = "Shapely-1.7.1-cp39-cp39-manylinux1_x86_64.whl", hash = "sha256:b40cc7bb089ae4aa9ddba1db900b4cd1bce3925d2a4b5837b639e49de054784f"},
    {file = "Shapely-1.7.1-cp39-cp39-win32.whl", hash = "sha256:2df5260d0f2983309776cb41bfa85c464ec07018d88c0ecfca23d40bfadae2f1"},
    {file = "Shapely-1.7.1-cp39-cp39-win_amd64.whl", hash = "sha256:a5c3a50d823c192f32615a2a6920e8c046b09e07a58eba220407335a9cd2e8ea"},
    {file = "Shapely-1.7.1.tar.gz", hash = "sha256:1641724c1055459a7e2b8bbe47ba25bdc89554582e62aec23cb3f3ca25f9b129"},
]

[package.extras]
all = ["numpy", "pytest", "pytest-cov"]
test = ["pytest", "pytest-cov"]
vectorized = ["numpy"]

[[package]]
name = "sly"
version = "0.4"
description = "SLY - Sly Lex Yacc"
optional = false
python-versions = "*"
files = [
    {file = "sly-0.4.tar.gz", hash = "sha256:e5f2266a231322cc17519fbc3a3ba1c6335fed5a9a55abe0e598a35aea0ac32a"},
]

[package.extras]
test = ["pytest", "regex"]

[[package]]
name = "typing-extensions"
version = "3.10.0.2"
description = "Backported and Experimental Type Hints for Python 3.5+"
optional = false
python-versions = "*"
files = [
    {file = "typing_extensions-3.10.0.2-py2-none-any.whl", hash = "sha256:d8226d10bc02a29bcc81df19a26e56a9647f8b0a6d4a83924139f4a8b01f17b7"},
    {file = "typing_extensions-3.10.0.2-py3-none-any.whl", hash = "sha256:f1d25edafde516b146ecd0613dabcc61409817af4766fbbcfb8d1ad4ec441a34"},
    {file = "typing_extensions-3.10.0.2.tar.gz", hash = "sha256:49f75d16ff11f1cd258e1b988ccff82a3ca5570217d7ad8c5f48205dd99a677e"},
]

[[package]]
name = "win32-setctime"
version = "1.0.3"
description = "A small Python utility to set file creation time on Windows"
optional = false
python-versions = ">=3.5"
files = [
    {file = "win32_setctime-1.0.3-py3-none-any.whl", hash = "sha256:dc925662de0a6eb987f0b01f599c01a8236cb8c62831c22d9cada09ad958243e"},
    {file = "win32_setctime-1.0.3.tar.gz", hash = "sha256:4e88556c32fdf47f64165a2180ba4552f8bb32c1103a2fafd05723a0bd42bd4b"},
]

[package.extras]
dev = ["black (>=19.3b0)", "pytest (>=4.6.2)"]

[metadata]
lock-version = "2.0"
python-versions = ">=3.9,<3.11"
content-hash = "8d9ad37cdfe124334a70ab69c12b5e2b8d34991484b37f6d23e76c0d21db730c"
